{
    "_meta": {
        "hash": {
            "sha256": "822a3281fcb99e04069650fb70b85f4556d9d4902e4634a318da1369b1f716c4"
        },
        "pipfile-spec": 6,
        "requires": {
            "python_version": "3.8"
        },
        "sources": [
            {
                "name": "pypi",
                "url": "https://pypi.python.org/simple",
                "verify_ssl": true
            }
        ]
    },
    "default": {
        "psutil": {
            "hashes": [
                "sha256:1413f4158eb50e110777c4f15d7c759521703bd6beb58926f1d562da40180058",
                "sha256:298af2f14b635c3c7118fd9183843f4e73e681bb6f01e12284d4d70d48a60953",
                "sha256:60b86f327c198561f101a92be1995f9ae0399736b6eced8f24af41ec64fb88d4",
                "sha256:685ec16ca14d079455892f25bd124df26ff9137664af445563c1bd36629b5e0e",
                "sha256:73f35ab66c6c7a9ce82ba44b1e9b1050be2a80cd4dcc3352cc108656b115c74f",
                "sha256:75e22717d4dbc7ca529ec5063000b2b294fc9a367f9c9ede1f65846c7955fd38",
                "sha256:a02f4ac50d4a23253b68233b07e7cdb567bd025b982d5cf0ee78296990c22d9e",
                "sha256:d008ddc00c6906ec80040d26dc2d3e3962109e40ad07fd8a12d0284ce5e0e4f8",
                "sha256:d84029b190c8a66a946e28b4d3934d2ca1528ec94764b180f7d6ea57b0e75e26",
                "sha256:e2d0c5b07c6fe5a87fa27b7855017edb0d52ee73b71e6ee368fae268605cc3f5",
                "sha256:f344ca230dd8e8d5eee16827596f1c22ec0876127c28e800d7ae20ed44c4b310"
            ],
            "index": "pypi",
            "version": "==5.7.0"
        },
        "python-engineio": {
            "hashes": [
                "sha256:133bdb5fb89f43a53f8612fb1ddbb3a453318713dea18a9ecf5346ed0c0f793c",
                "sha256:41353c2539493e9e30e0e75e53f9cbb670f09a5ebcf82fe738081a9ba28fe55c"
            ],
            "version": "==3.13.1"
        },
        "python-socketio": {
            "hashes": [
                "sha256:358d8fbbc029c4538ea25bcaa283e47f375be0017fcba829de8a3a731c9df25a",
                "sha256:d437f797c44b6efba2f201867cf02b8c96b97dff26d4e4281ac08b45817cd522"
            ],
            "index": "pypi",
            "version": "==4.6.0"
        },
        "six": {
            "hashes": [
                "sha256:30639c035cdb23534cd4aa2dd52c3bf48f06e5f4a941509c8bafd8ce11080259",
                "sha256:8b74bedcbbbaca38ff6d7491d76f2b06b3592611af620f8426e82dddb04a5ced"
            ],
            "version": "==1.15.0"
        }
    },
    "develop": {
        "autopep8": {
            "hashes": [
                "sha256:60fd8c4341bab59963dafd5d2a566e94f547e660b9b396f772afe67d8481dbf0"
            ],
            "index": "pypi",
            "version": "==1.5.3"
        },
        "debugpy": {
            "hashes": [
                "sha256:00424ac07527f5e0eaf3b9aa090222eaed358062b672a7ab2be28c4e81520dd3",
                "sha256:0794bf2f6ece0c760c71c5f3a2626568d5391d467c2e99885be60aba1809a923",
                "sha256:0b7c2b6f5038df8696a65494a385da90735c9ae51f4fd35037f5f4dae467eb84",
                "sha256:0e32b55e517e9164ae69fa488e4b7e690b84f2f61dae250096df2e4d14f3e7b4",
                "sha256:119d4a3dec554b8db73455adfceb1320b52e7cf8c910a9ff8fffc60691167e4f",
                "sha256:1ed95e03edc8d28732312a3ce96ca74259d121830ba13d09a8eb0e1b89dace75",
                "sha256:2a3b61152fb558e64671e518aa6212bdb9bd28d1998524e5ebfdb3c92b315f26",
                "sha256:32fc944bee2ff5a6721ce00c7669f63bcc9caabe541bfa9d0cedf180e250c7dd",
                "sha256:346d11a1181fde02876a80cddd20349c97b7ea0f0d44de59642cd79849e16c18",
                "sha256:3f7bbc878934b26317d39a2e8396785b78f619b5e6664878b2852a4a2968aab6",
                "sha256:4c36caa741ce8de60cb7c6a37084e7b2c05634cc9c2746fdbb4e43ab21906de1",
                "sha256:5bca5b2f1220cd58bfcc10311d1d85d86122992cfbc51363421f3db6a6e85d3c",
                "sha256:60285ab0f7fa09c9accdec72a9c9f97da5f4d506eff91aa9eb49ae0029d4fe25",
                "sha256:6168eab7a67e9f9fcdff82af667dd4e25e01cabc13e11026b48b0d135c420c50",
                "sha256:659ea14ab7463bfbfc55adb5771d499cb355dcde68c425f23d38e28283b30c71",
                "sha256:681b666dec0b4390e3b6800eb28818bba03171e4088b56bf9121e3c71fe1d806",
                "sha256:7609c1714df300c0f118de454feb453dd362eefe3df0dde7366a8dd207e93796",
                "sha256:7c0e800a4a3729d264c85eee2be2ec2dbdfebbfb6d8dc5f6cc2c0d411697d365",
                "sha256:7ff0efea93d6c399f88575ab297f7255dd33080c362f00708602d501b36e5946",
                "sha256:8640bf31ec6aae4cdbcef0454f31b406405162def04a9eb2f6020665c8aa149b",
                "sha256:876026f74b11385169462badcba6b4e6561f6f4f58204877bddae63b464b642f",
                "sha256:9b15645bdbf388322d1096446a28e0544ec5fcd6c87c24160fa75fc97b447465",
                "sha256:9cbe2469eb0576d932204361beb2d9b463ac69ad8e3c863608d614b046606cfa",
                "sha256:9e965f50f59901d17cbc15bc081ba6404b03b0f55b1c64d617f8560d143c6eaf",
                "sha256:a7c161ce0400c2732cb22882c399acef031b283de4d3eeec82f4235b4817259f",
                "sha256:a86bdfb00a4056998215b9526efae7b38e6a18648aac188d2373c871722370bd",
                "sha256:b3a25ace9fff36b1f696645012dd9bd1c4330b6c20347f405aae03a2b8459701",
                "sha256:b8c17b8335600393df248b1b13240edb34886f553c46b171cfbea5778f64cccd",
                "sha256:bf7da2a4c9760a3bec19951b0458181611847b99ec101c0b7e0fbdebb9ac837c",
                "sha256:d64ff7b33b00b99078b81f3ce7111d56b35626533eb9757a2118e3a8c5fea5e1",
                "sha256:daaf3d4f82b63fe92720d79043197087ce5bb636419898dd698111b1378d22e6",
                "sha256:e3aced5be851c32ff09cff9edc2cec9caee5d0aaf0bc8d5f58c865885daf43a3",
                "sha256:e724a206bc1f930bd7e40d2c12c82d96799d34305a6f9fbf82182dea35f00374",
                "sha256:ecc561c8fa8dbc4dc116de7c19c73e3c5563ad1dbcf4b85a08819be05dabe24f",
                "sha256:f9a065fd51bb6747c4988e12bec783f862281310fcc373f1e7ba39020ee6b9b5",
                "sha256:ff9bedcfaf5d3098acce07ae01d136789bb7e7f197654b3d39abba17d4900c4c"
            ],
            "index": "pypi",
            "version": "==1.0.0b12"
        },
        "flake8": {
            "hashes": [
                "sha256:15e351d19611c887e482fb960eae4d44845013cc142d42896e9862f775d8cf5c",
                "sha256:f04b9fcbac03b0a3e58c0ab3a0ecc462e023a9faf046d57794184028123aa208"
            ],
            "index": "pypi",
            "version": "==3.8.3"
        },
        "mccabe": {
            "hashes": [
                "sha256:ab8a6258860da4b6677da4bd2fe5dc2c659cff31b3ee4f7f5d64e79735b80d42",
                "sha256:dd8d182285a0fe56bace7f45b5e7d1a6ebcbf524e8f3bd87eb0f125271b8831f"
            ],
            "version": "==0.6.1"
        },
        "pycodestyle": {
            "hashes": [
                "sha256:2295e7b2f6b5bd100585ebcb1f616591b652db8a741695b3d8f5d28bdc934367",
                "sha256:c58a7d2815e0e8d7972bf1803331fb0152f867bd89adf8a01dfd55085434192e"
            ],
            "version": "==2.6.0"
        },
        "pyflakes": {
            "hashes": [
                "sha256:0d94e0e05a19e57a99444b6ddcf9a6eb2e5c68d3ca1e98e90707af8152c90a92",
                "sha256:35b2d75ee967ea93b55750aa9edbbf72813e06a66ba54438df2cfac9e3c27fc8"
            ],
            "version": "==2.2.0"
        },
        "rope": {
            "hashes": [
                "sha256:658ad6705f43dcf3d6df379da9486529cf30e02d9ea14c5682aa80eb33b649e1"
            ],
            "index": "pypi",
            "version": "==0.17.0"
        },
        "toml": {
            "hashes": [
                "sha256:926b612be1e5ce0634a2ca03470f95169cf16f939018233a670519cb4ac58b0f",
                "sha256:bda89d5935c2eac546d648028b9901107a595863cb36bae0c73ac804a9b4ce88"
            ],
            "version": "==0.10.1"
        }
    }
}
